
Microsoft Visual Studio Solution File, Format Version 12.00
# Visual Studio Version 17
VisualStudioVersion = 17.1.32210.238
MinimumVisualStudioVersion = 10.0.40219.1
Project("{FAE04EC0-301F-11D3-BF4B-00C04F79EFBC}") = "flowershop", "flowershop\flowershop.csproj", "{8BBE4DFC-5814-44D8-843F-A72320DE1BFB}"
EndProject
Global
	GlobalSection(SolutionConfigurationPlatforms) = preSolution
		Debug|Any CPU = Debug|Any CPU
		Release|Any CPU = Release|Any CPU
	EndGlobalSection
	GlobalSection(ProjectConfigurationPlatforms) = postSolution
		{8BBE4DFC-5814-44D8-843F-A72320DE1BFB}.Debug|Any CPU.ActiveCfg = Debug|Any CPU
		{8BBE4DFC-5814-44D8-843F-A72320DE1BFB}.Debug|Any CPU.Build.0 = Debug|Any CPU
		{8BBE4DFC-5814-44D8-843F-A72320DE1BFB}.Release|Any CPU.ActiveCfg = Release|Any CPU
		{8BBE4DFC-5814-44D8-843F-A72320DE1BFB}.Release|Any CPU.Build.0 = Release|Any CPU
	EndGlobalSection
	GlobalSection(SolutionProperties) = preSolution
		HideSolutionNode = FALSE
	EndGlobalSection
	GlobalSection(ExtensibilityGlobals) = postSolution
		SolutionGuid = {A8433502-7EB5-498E-8824-EA492998B0E9}
	EndGlobalSection
EndGlobal
